{
  "requires": true,
  "lockfileVersion": 1,
  "dependencies": {
    "@types/base-64": {
      "version": "0.1.2",
      "resolved": "http://registry.npm.taobao.org/@types/base-64/download/@types/base-64-0.1.2.tgz",
      "integrity": "sha1-Y6wxgwLNq7XwToripW5U1IMhB+I="
    },
    "@types/collections": {
      "version": "5.0.0",
      "resolved": "http://registry.npm.taobao.org/@types/collections/download/@types/collections-5.0.0.tgz",
      "integrity": "sha1-pbhJikGY8OfFcIwc2Nn9HIdhbRg="
    },
    "@types/md5": {
      "version": "2.1.33",
      "resolved": "http://registry.npm.taobao.org/@types/md5/download/@types/md5-2.1.33.tgz",
      "integrity": "sha1-jI26MN9K0OkilkJPCMSJjdgI6N8=",
      "requires": {
        "@types/node": "*"
      }
    },
    "@types/node": {
      "version": "10.12.18",
      "resolved": "http://registry.npm.taobao.org/@types/node/download/@types/node-10.12.18.tgz",
      "integrity": "sha1-HTynZHGJFVhPzZ9jRGIbdnJmXGc="
    },
    "@types/papaparse": {
      "version": "4.5.5",
      "resolved": "http://registry.npm.taobao.org/@types/papaparse/download/@types/papaparse-4.5.5.tgz",
      "integrity": "sha1-56ur14GmBYP0cX+aHJtn3/k5xj8=",
      "requires": {
        "@types/node": "*"
      }
    },
    "base-64": {
      "version": "0.1.0",
      "resolved": "http://registry.npm.taobao.org/base-64/download/base-64-0.1.0.tgz",
      "integrity": "sha1-eAqZyE59YAJgNhURxId2E78k9rs="
    },
    "charenc": {
      "version": "0.0.2",
      "resolved": "http://registry.npm.taobao.org/charenc/download/charenc-0.0.2.tgz",
      "integrity": "sha1-wKHS86cJLgN3S/qD8UwPxXkKhmc="
    },
    "collections": {
      "version": "5.1.6",
      "resolved": "http://registry.npm.taobao.org/collections/download/collections-5.1.6.tgz",
      "integrity": "sha1-PrdUd5B2BaHZEfq9hOB4P08FR5U=",
      "requires": {
        "weak-map": "~1.0.x"
      }
    },
    "crypt": {
      "version": "0.0.2",
      "resolved": "http://registry.npm.taobao.org/crypt/download/crypt-0.0.2.tgz",
      "integrity": "sha1-iNf/fsDfuG9xPch7u0LQRNPmxBs="
    },
    "is-buffer": {
      "version": "1.1.6",
      "resolved": "http://registry.npm.taobao.org/is-buffer/download/is-buffer-1.1.6.tgz",
      "integrity": "sha1-76ouqdqg16suoTqXsritUf776L4="
    },
    "md5": {
      "version": "2.2.1",
      "resolved": "http://registry.npm.taobao.org/md5/download/md5-2.2.1.tgz",
      "integrity": "sha1-U6s41f48iJG6RlMp6iP6wFQBJvk=",
      "requires": {
        "charenc": "~0.0.1",
        "crypt": "~0.0.1",
        "is-buffer": "~1.1.1"
      }
    },
    "papaparse": {
      "version": "4.6.2",
      "resolved": "http://registry.npm.taobao.org/papaparse/download/papaparse-4.6.2.tgz",
      "integrity": "sha1-Wy3wKW9QXxydTCJh+QPTtEhmoo0="
    },
    "typescript-collections": {
      "version": "1.3.2",
      "resolved": "http://registry.npm.taobao.org/typescript-collections/download/typescript-collections-1.3.2.tgz",
      "integrity": "sha1-skdjc9KXbrPci+kxKSogow0jZ30="
    },
    "weak-map": {
      "version": "1.0.5",
      "resolved": "http://registry.npm.taobao.org/weak-map/download/weak-map-1.0.5.tgz",
      "integrity": "sha1-eWkVhNmGB/UHC9O3CkDmuyLkAes="
    }
  }
}
